
Microsoft Visual Studio Solution File, Format Version 12.00
# Visual Studio Version 16
VisualStudioVersion = 16.0.29613.14
MinimumVisualStudioVersion = 10.0.40219.1
Project("{FAE04EC0-301F-11D3-BF4B-00C04F79EFBC}") = "JieNor.Megi.Common", "common\JieNor.Megi.Common.csproj", "{2AE7309B-BCDB-4842-A0DD-6C9AA217F2ED}"
EndProject
Project("{FAE04EC0-301F-11D3-BF4B-00C04F79EFBC}") = "JieNor.Megi.Identity", "identity\JieNor.Megi.Identity.csproj", "{2462EB8A-63A5-4FD2-AC44-1FE021BE08B7}"
EndProject
Project("{FAE04EC0-301F-11D3-BF4B-00C04F79EFBC}") = "JieNor.Megi.Tools", "tools\JieNor.Megi.Tools.csproj", "{A7DE785B-C1DE-40C1-8993-896324A6C723}"
EndProject
Project("{FAE04EC0-301F-11D3-BF4B-00C04F79EFBC}") = "JieNor.Megi.DataModel", "datamodel\JieNor.Megi.DataModel.csproj", "{2F8CBBD3-6276-49A4-87E0-8B6C4597E3E0}"
EndProject
Project("{FAE04EC0-301F-11D3-BF4B-00C04F79EFBC}") = "JieNor.Megi.Core", "core\JieNor.Megi.Core.csproj", "{E56A4DF7-E8EB-407F-AAFD-5B763BFFA364}"
EndProject
Project("{2150E333-8FDC-42A3-9474-1A3956D46DE8}") = "tests", "tests", "{2B6557B2-5F3E-4BA0-8898-E274923E193E}"
EndProject
Project("{FAE04EC0-301F-11D3-BF4B-00C04F79EFBC}") = "JieNor.Megi.Common.Tests", "tests\JieNor.Megi.Common.Tests\JieNor.Megi.Common.Tests.csproj", "{656F7057-8BF2-49CB-A0DE-3356F8EFBF55}"
EndProject
Project("{2150E333-8FDC-42A3-9474-1A3956D46DE8}") = "comon", "comon", "{E2219918-C9F8-4F31-A14D-0A695FAFCDF0}"
EndProject
Project("{FAE04EC0-301F-11D3-BF4B-00C04F79EFBC}") = "JieNor.Megi.BusinessService", "businessservice\JieNor.Megi.BusinessService.csproj", "{A1A39665-A680-4D4F-B5D0-4637DB8392A2}"
EndProject
Project("{FAE04EC0-301F-11D3-BF4B-00C04F79EFBC}") = "JieNor.Megi.Service.Web", "service.web\JieNor.Megi.Service.Web.csproj", "{3F77947A-C7DC-4103-9AA5-AC89CEE9F962}"
EndProject
Project("{FAE04EC0-301F-11D3-BF4B-00C04F79EFBC}") = "JieNor.Megi.Go.Web", "go\JieNor.Megi.Go.Web.csproj", "{F869EEF2-8228-4D5A-BC90-3B7A659A0D91}"
EndProject
Project("{FAE04EC0-301F-11D3-BF4B-00C04F79EFBC}") = "JieNor.Megi.Login.Web", "login\JieNor.Megi.Login.Web.csproj", "{7A1D8354-EC1F-4279-BDBD-CA3D136A6DEB}"
EndProject
Project("{FAE04EC0-301F-11D3-BF4B-00C04F79EFBC}") = "JieNor.Megi.Identity.Go", "identity.go\JieNor.Megi.Identity.Go.csproj", "{084D717B-64C6-48E0-9487-8751E84E12F2}"
EndProject
Project("{FAE04EC0-301F-11D3-BF4B-00C04F79EFBC}") = "JieNor.Megi.DataRepository", "repository\JieNor.Megi.DataRepository.csproj", "{FF80992B-400A-4F45-B45A-1F96977F49A8}"
EndProject
Project("{FAE04EC0-301F-11D3-BF4B-00C04F79EFBC}") = "JieNor.Megi.GZipEncoder", "gzipencoder\JieNor.Megi.GZipEncoder.csproj", "{E5216908-B972-46E3-82CE-9BA8569D8085}"
EndProject
Project("{FAE04EC0-301F-11D3-BF4B-00C04F79EFBC}") = "JieNor.Megi.ServiceContract", "servicecontract\JieNor.Megi.ServiceContract.csproj", "{675EF372-9074-46CF-890B-E85F6B1D8F50}"
EndProject
Project("{FAE04EC0-301F-11D3-BF4B-00C04F79EFBC}") = "JieNor.Megi.BusinessContract", "businesscontract\JieNor.Megi.BusinessContract.csproj", "{AAC3FE46-AF90-473B-AADC-35340CFEFD18}"
EndProject
Project("{FAE04EC0-301F-11D3-BF4B-00C04F79EFBC}") = "JieNor.Megi.EntityModel", "entitymodel\JieNor.Megi.EntityModel.csproj", "{EEF2457D-0B83-44E8-96CE-D6C0CF427A8A}"
EndProject
Project("{FAE04EC0-301F-11D3-BF4B-00C04F79EFBC}") = "JieNor.Megi.Static.Web", "static\JieNor.Megi.Static.Web.csproj", "{3DFDB826-C67B-4532-973E-D98A895C8115}"
EndProject
Project("{FAE04EC0-301F-11D3-BF4B-00C04F79EFBC}") = "JieNor.Megi.Service.Mongo", "JieNor.Megi.Service.Mongo\JieNor.Megi.Service.Mongo.csproj", "{D2A90908-BC0C-48E1-9EEF-B7E0B827DA73}"
EndProject
Project("{FAE04EC0-301F-11D3-BF4B-00C04F79EFBC}") = "JieNor.Megi.My.Web", "JieNor.Megi.My.Web\JieNor.Megi.My.Web.csproj", "{9741BE30-C1A9-4214-A0BD-54284BD33E90}"
EndProject
Project("{FAE04EC0-301F-11D3-BF4B-00C04F79EFBC}") = "JieNor.Megi.Main.Web", "JieNor.Megi.Main.Web\JieNor.Megi.Main.Web.csproj", "{3EB0C10D-A741-40EF-9CD4-6DF40BD20063}"
EndProject
Project("{FAE04EC0-301F-11D3-BF4B-00C04F79EFBC}") = "JieNor.Megi.Service.Webapi", "JieNor.Megi.Service.Webapi\JieNor.Megi.Service.Webapi.csproj", "{C06953F0-5458-4BAE-8BB6-4841AE2C8196}"
EndProject
Project("{FAE04EC0-301F-11D3-BF4B-00C04F79EFBC}") = "TestConsole", "TestConsole\TestConsole.csproj", "{B2792B4B-CB5C-443D-8E07-9AE67A854040}"
EndProject
Project("{FAE04EC0-301F-11D3-BF4B-00C04F79EFBC}") = "PasswordDecrypt", "tests\PasswordDecrypt\PasswordDecrypt.csproj", "{4C1B4B97-511D-430C-BCAC-98BEEF9A06A7}"
EndProject
Global
	GlobalSection(SolutionConfigurationPlatforms) = preSolution
		Debug|Any CPU = Debug|Any CPU
		Release|Any CPU = Release|Any CPU
	EndGlobalSection
	GlobalSection(ProjectConfigurationPlatforms) = postSolution
		{2AE7309B-BCDB-4842-A0DD-6C9AA217F2ED}.Debug|Any CPU.ActiveCfg = Debug|Any CPU
		{2AE7309B-BCDB-4842-A0DD-6C9AA217F2ED}.Debug|Any CPU.Build.0 = Debug|Any CPU
		{2AE7309B-BCDB-4842-A0DD-6C9AA217F2ED}.Release|Any CPU.ActiveCfg = Release|Any CPU
		{2AE7309B-BCDB-4842-A0DD-6C9AA217F2ED}.Release|Any CPU.Build.0 = Release|Any CPU
		{2462EB8A-63A5-4FD2-AC44-1FE021BE08B7}.Debug|Any CPU.ActiveCfg = Debug|Any CPU
		{2462EB8A-63A5-4FD2-AC44-1FE021BE08B7}.Debug|Any CPU.Build.0 = Debug|Any CPU
		{2462EB8A-63A5-4FD2-AC44-1FE021BE08B7}.Release|Any CPU.ActiveCfg = Release|Any CPU
		{2462EB8A-63A5-4FD2-AC44-1FE021BE08B7}.Release|Any CPU.Build.0 = Release|Any CPU
		{A7DE785B-C1DE-40C1-8993-896324A6C723}.Debug|Any CPU.ActiveCfg = Debug|Any CPU
		{A7DE785B-C1DE-40C1-8993-896324A6C723}.Debug|Any CPU.Build.0 = Debug|Any CPU
		{A7DE785B-C1DE-40C1-8993-896324A6C723}.Release|Any CPU.ActiveCfg = Release|Any CPU
		{A7DE785B-C1DE-40C1-8993-896324A6C723}.Release|Any CPU.Build.0 = Release|Any CPU
		{2F8CBBD3-6276-49A4-87E0-8B6C4597E3E0}.Debug|Any CPU.ActiveCfg = Debug|Any CPU
		{2F8CBBD3-6276-49A4-87E0-8B6C4597E3E0}.Debug|Any CPU.Build.0 = Debug|Any CPU
		{2F8CBBD3-6276-49A4-87E0-8B6C4597E3E0}.Release|Any CPU.ActiveCfg = Release|Any CPU
		{2F8CBBD3-6276-49A4-87E0-8B6C4597E3E0}.Release|Any CPU.Build.0 = Release|Any CPU
		{E56A4DF7-E8EB-407F-AAFD-5B763BFFA364}.Debug|Any CPU.ActiveCfg = Debug|Any CPU
		{E56A4DF7-E8EB-407F-AAFD-5B763BFFA364}.Debug|Any CPU.Build.0 = Debug|Any CPU
		{E56A4DF7-E8EB-407F-AAFD-5B763BFFA364}.Release|Any CPU.ActiveCfg = Release|Any CPU
		{E56A4DF7-E8EB-407F-AAFD-5B763BFFA364}.Release|Any CPU.Build.0 = Release|Any CPU
		{656F7057-8BF2-49CB-A0DE-3356F8EFBF55}.Debug|Any CPU.ActiveCfg = Debug|Any CPU
		{656F7057-8BF2-49CB-A0DE-3356F8EFBF55}.Debug|Any CPU.Build.0 = Debug|Any CPU
		{656F7057-8BF2-49CB-A0DE-3356F8EFBF55}.Release|Any CPU.ActiveCfg = Release|Any CPU
		{656F7057-8BF2-49CB-A0DE-3356F8EFBF55}.Release|Any CPU.Build.0 = Release|Any CPU
		{A1A39665-A680-4D4F-B5D0-4637DB8392A2}.Debug|Any CPU.ActiveCfg = Debug|Any CPU
		{A1A39665-A680-4D4F-B5D0-4637DB8392A2}.Debug|Any CPU.Build.0 = Debug|Any CPU
		{A1A39665-A680-4D4F-B5D0-4637DB8392A2}.Release|Any CPU.ActiveCfg = Release|Any CPU
		{A1A39665-A680-4D4F-B5D0-4637DB8392A2}.Release|Any CPU.Build.0 = Release|Any CPU
		{3F77947A-C7DC-4103-9AA5-AC89CEE9F962}.Debug|Any CPU.ActiveCfg = Debug|Any CPU
		{3F77947A-C7DC-4103-9AA5-AC89CEE9F962}.Debug|Any CPU.Build.0 = Debug|Any CPU
		{3F77947A-C7DC-4103-9AA5-AC89CEE9F962}.Release|Any CPU.ActiveCfg = Release|Any CPU
		{3F77947A-C7DC-4103-9AA5-AC89CEE9F962}.Release|Any CPU.Build.0 = Release|Any CPU
		{F869EEF2-8228-4D5A-BC90-3B7A659A0D91}.Debug|Any CPU.ActiveCfg = Debug|Any CPU
		{F869EEF2-8228-4D5A-BC90-3B7A659A0D91}.Debug|Any CPU.Build.0 = Debug|Any CPU
		{F869EEF2-8228-4D5A-BC90-3B7A659A0D91}.Release|Any CPU.ActiveCfg = Release|Any CPU
		{F869EEF2-8228-4D5A-BC90-3B7A659A0D91}.Release|Any CPU.Build.0 = Release|Any CPU
		{7A1D8354-EC1F-4279-BDBD-CA3D136A6DEB}.Debug|Any CPU.ActiveCfg = Debug|Any CPU
		{7A1D8354-EC1F-4279-BDBD-CA3D136A6DEB}.Debug|Any CPU.Build.0 = Debug|Any CPU
		{7A1D8354-EC1F-4279-BDBD-CA3D136A6DEB}.Release|Any CPU.ActiveCfg = Release|Any CPU
		{7A1D8354-EC1F-4279-BDBD-CA3D136A6DEB}.Release|Any CPU.Build.0 = Release|Any CPU
		{084D717B-64C6-48E0-9487-8751E84E12F2}.Debug|Any CPU.ActiveCfg = Debug|Any CPU
		{084D717B-64C6-48E0-9487-8751E84E12F2}.Debug|Any CPU.Build.0 = Debug|Any CPU
		{084D717B-64C6-48E0-9487-8751E84E12F2}.Release|Any CPU.ActiveCfg = Release|Any CPU
		{084D717B-64C6-48E0-9487-8751E84E12F2}.Release|Any CPU.Build.0 = Release|Any CPU
		{FF80992B-400A-4F45-B45A-1F96977F49A8}.Debug|Any CPU.ActiveCfg = Debug|Any CPU
		{FF80992B-400A-4F45-B45A-1F96977F49A8}.Debug|Any CPU.Build.0 = Debug|Any CPU
		{FF80992B-400A-4F45-B45A-1F96977F49A8}.Release|Any CPU.ActiveCfg = Release|Any CPU
		{FF80992B-400A-4F45-B45A-1F96977F49A8}.Release|Any CPU.Build.0 = Release|Any CPU
		{E5216908-B972-46E3-82CE-9BA8569D8085}.Debug|Any CPU.ActiveCfg = Debug|Any CPU
		{E5216908-B972-46E3-82CE-9BA8569D8085}.Debug|Any CPU.Build.0 = Debug|Any CPU
		{E5216908-B972-46E3-82CE-9BA8569D8085}.Release|Any CPU.ActiveCfg = Release|Any CPU
		{E5216908-B972-46E3-82CE-9BA8569D8085}.Release|Any CPU.Build.0 = Release|Any CPU
		{675EF372-9074-46CF-890B-E85F6B1D8F50}.Debug|Any CPU.ActiveCfg = Debug|Any CPU
		{675EF372-9074-46CF-890B-E85F6B1D8F50}.Debug|Any CPU.Build.0 = Debug|Any CPU
		{675EF372-9074-46CF-890B-E85F6B1D8F50}.Release|Any CPU.ActiveCfg = Release|Any CPU
		{675EF372-9074-46CF-890B-E85F6B1D8F50}.Release|Any CPU.Build.0 = Release|Any CPU
		{AAC3FE46-AF90-473B-AADC-35340CFEFD18}.Debug|Any CPU.ActiveCfg = Debug|Any CPU
		{AAC3FE46-AF90-473B-AADC-35340CFEFD18}.Debug|Any CPU.Build.0 = Debug|Any CPU
		{AAC3FE46-AF90-473B-AADC-35340CFEFD18}.Release|Any CPU.ActiveCfg = Release|Any CPU
		{AAC3FE46-AF90-473B-AADC-35340CFEFD18}.Release|Any CPU.Build.0 = Release|Any CPU
		{EEF2457D-0B83-44E8-96CE-D6C0CF427A8A}.Debug|Any CPU.ActiveCfg = Debug|Any CPU
		{EEF2457D-0B83-44E8-96CE-D6C0CF427A8A}.Debug|Any CPU.Build.0 = Debug|Any CPU
		{EEF2457D-0B83-44E8-96CE-D6C0CF427A8A}.Release|Any CPU.ActiveCfg = Release|Any CPU
		{EEF2457D-0B83-44E8-96CE-D6C0CF427A8A}.Release|Any CPU.Build.0 = Release|Any CPU
		{3DFDB826-C67B-4532-973E-D98A895C8115}.Debug|Any CPU.ActiveCfg = Debug|Any CPU
		{3DFDB826-C67B-4532-973E-D98A895C8115}.Debug|Any CPU.Build.0 = Debug|Any CPU
		{3DFDB826-C67B-4532-973E-D98A895C8115}.Release|Any CPU.ActiveCfg = Release|Any CPU
		{3DFDB826-C67B-4532-973E-D98A895C8115}.Release|Any CPU.Build.0 = Release|Any CPU
		{D2A90908-BC0C-48E1-9EEF-B7E0B827DA73}.Debug|Any CPU.ActiveCfg = Debug|Any CPU
		{D2A90908-BC0C-48E1-9EEF-B7E0B827DA73}.Debug|Any CPU.Build.0 = Debug|Any CPU
		{D2A90908-BC0C-48E1-9EEF-B7E0B827DA73}.Release|Any CPU.ActiveCfg = Release|Any CPU
		{D2A90908-BC0C-48E1-9EEF-B7E0B827DA73}.Release|Any CPU.Build.0 = Release|Any CPU
		{9741BE30-C1A9-4214-A0BD-54284BD33E90}.Debug|Any CPU.ActiveCfg = Debug|Any CPU
		{9741BE30-C1A9-4214-A0BD-54284BD33E90}.Debug|Any CPU.Build.0 = Debug|Any CPU
		{9741BE30-C1A9-4214-A0BD-54284BD33E90}.Release|Any CPU.ActiveCfg = Release|Any CPU
		{9741BE30-C1A9-4214-A0BD-54284BD33E90}.Release|Any CPU.Build.0 = Release|Any CPU
		{3EB0C10D-A741-40EF-9CD4-6DF40BD20063}.Debug|Any CPU.ActiveCfg = Debug|Any CPU
		{3EB0C10D-A741-40EF-9CD4-6DF40BD20063}.Debug|Any CPU.Build.0 = Debug|Any CPU
		{3EB0C10D-A741-40EF-9CD4-6DF40BD20063}.Release|Any CPU.ActiveCfg = Release|Any CPU
		{3EB0C10D-A741-40EF-9CD4-6DF40BD20063}.Release|Any CPU.Build.0 = Release|Any CPU
		{C06953F0-5458-4BAE-8BB6-4841AE2C8196}.Debug|Any CPU.ActiveCfg = Debug|Any CPU
		{C06953F0-5458-4BAE-8BB6-4841AE2C8196}.Debug|Any CPU.Build.0 = Debug|Any CPU
		{C06953F0-5458-4BAE-8BB6-4841AE2C8196}.Release|Any CPU.ActiveCfg = Release|Any CPU
		{C06953F0-5458-4BAE-8BB6-4841AE2C8196}.Release|Any CPU.Build.0 = Release|Any CPU
		{B2792B4B-CB5C-443D-8E07-9AE67A854040}.Debug|Any CPU.ActiveCfg = Debug|Any CPU
		{B2792B4B-CB5C-443D-8E07-9AE67A854040}.Debug|Any CPU.Build.0 = Debug|Any CPU
		{B2792B4B-CB5C-443D-8E07-9AE67A854040}.Release|Any CPU.ActiveCfg = Release|Any CPU
		{B2792B4B-CB5C-443D-8E07-9AE67A854040}.Release|Any CPU.Build.0 = Release|Any CPU
		{4C1B4B97-511D-430C-BCAC-98BEEF9A06A7}.Debug|Any CPU.ActiveCfg = Debug|Any CPU
		{4C1B4B97-511D-430C-BCAC-98BEEF9A06A7}.Debug|Any CPU.Build.0 = Debug|Any CPU
		{4C1B4B97-511D-430C-BCAC-98BEEF9A06A7}.Release|Any CPU.ActiveCfg = Release|Any CPU
		{4C1B4B97-511D-430C-BCAC-98BEEF9A06A7}.Release|Any CPU.Build.0 = Release|Any CPU
	EndGlobalSection
	GlobalSection(SolutionProperties) = preSolution
		HideSolutionNode = FALSE
	EndGlobalSection
	GlobalSection(NestedProjects) = preSolution
		{2AE7309B-BCDB-4842-A0DD-6C9AA217F2ED} = {E2219918-C9F8-4F31-A14D-0A695FAFCDF0}
		{2462EB8A-63A5-4FD2-AC44-1FE021BE08B7} = {E2219918-C9F8-4F31-A14D-0A695FAFCDF0}
		{A7DE785B-C1DE-40C1-8993-896324A6C723} = {E2219918-C9F8-4F31-A14D-0A695FAFCDF0}
		{2F8CBBD3-6276-49A4-87E0-8B6C4597E3E0} = {E2219918-C9F8-4F31-A14D-0A695FAFCDF0}
		{E56A4DF7-E8EB-407F-AAFD-5B763BFFA364} = {E2219918-C9F8-4F31-A14D-0A695FAFCDF0}
		{656F7057-8BF2-49CB-A0DE-3356F8EFBF55} = {2B6557B2-5F3E-4BA0-8898-E274923E193E}
		{A1A39665-A680-4D4F-B5D0-4637DB8392A2} = {E2219918-C9F8-4F31-A14D-0A695FAFCDF0}
		{084D717B-64C6-48E0-9487-8751E84E12F2} = {E2219918-C9F8-4F31-A14D-0A695FAFCDF0}
		{FF80992B-400A-4F45-B45A-1F96977F49A8} = {E2219918-C9F8-4F31-A14D-0A695FAFCDF0}
		{E5216908-B972-46E3-82CE-9BA8569D8085} = {E2219918-C9F8-4F31-A14D-0A695FAFCDF0}
		{675EF372-9074-46CF-890B-E85F6B1D8F50} = {E2219918-C9F8-4F31-A14D-0A695FAFCDF0}
		{AAC3FE46-AF90-473B-AADC-35340CFEFD18} = {E2219918-C9F8-4F31-A14D-0A695FAFCDF0}
		{EEF2457D-0B83-44E8-96CE-D6C0CF427A8A} = {E2219918-C9F8-4F31-A14D-0A695FAFCDF0}
		{4C1B4B97-511D-430C-BCAC-98BEEF9A06A7} = {2B6557B2-5F3E-4BA0-8898-E274923E193E}
	EndGlobalSection
	GlobalSection(ExtensibilityGlobals) = postSolution
		SolutionGuid = {95A35456-DCBF-4444-ACA7-E385F8419FC8}
	EndGlobalSection
EndGlobal
